
Microsoft Visual Studio Solution File, Format Version 12.00
# Visual Studio Version 17
VisualStudioVersion = 17.6.33513.286
MinimumVisualStudioVersion = 10.0.40219.1
Project("{FAE04EC0-301F-11D3-BF4B-00C04F79EFBC}") = "ItemManagementSystem", "ItemManagementSystem.csproj", "{5BF1F54C-7562-4157-9C0A-F2CFA6D38566}"
EndProject
Global
	GlobalSection(SolutionConfigurationPlatforms) = preSolution
		Debug|Any CPU = Debug|Any CPU
		Release|Any CPU = Release|Any CPU
	EndGlobalSection
	GlobalSection(ProjectConfigurationPlatforms) = postSolution
		{5BF1F54C-7562-4157-9C0A-F2CFA6D38566}.Debug|Any CPU.ActiveCfg = Debug|Any CPU
		{5BF1F54C-7562-4157-9C0A-F2CFA6D38566}.Debug|Any CPU.Build.0 = Debug|Any CPU
		{5BF1F54C-7562-4157-9C0A-F2CFA6D38566}.Release|Any CPU.ActiveCfg = Release|Any CPU
		{5BF1F54C-7562-4157-9C0A-F2CFA6D38566}.Release|Any CPU.Build.0 = Release|Any CPU
	EndGlobalSection
	GlobalSection(SolutionProperties) = preSolution
		HideSolutionNode = FALSE
	EndGlobalSection
	GlobalSection(ExtensibilityGlobals) = postSolution
		SolutionGuid = {3AD5DC39-94E6-45BA-925E-F2425AF258A0}
	EndGlobalSection
EndGlobal
